
Microsoft Visual Studio Solution File, Format Version 12.00
# Visual Studio Version 17
VisualStudioVersion = 17.7.34024.191
MinimumVisualStudioVersion = 10.0.40219.1
Project("{FAE04EC0-301F-11D3-BF4B-00C04F79EFBC}") = "SocialMediaPJ", "SocialMediaPJ\SocialMediaPJ.csproj", "{72B3899C-9A3F-43D1-94D7-450844BFC63D}"
EndProject
Global
	GlobalSection(SolutionConfigurationPlatforms) = preSolution
		Debug|Any CPU = Debug|Any CPU
		Release|Any CPU = Release|Any CPU
	EndGlobalSection
	GlobalSection(ProjectConfigurationPlatforms) = postSolution
		{72B3899C-9A3F-43D1-94D7-450844BFC63D}.Debug|Any CPU.ActiveCfg = Debug|Any CPU
		{72B3899C-9A3F-43D1-94D7-450844BFC63D}.Debug|Any CPU.Build.0 = Debug|Any CPU
		{72B3899C-9A3F-43D1-94D7-450844BFC63D}.Release|Any CPU.ActiveCfg = Release|Any CPU
		{72B3899C-9A3F-43D1-94D7-450844BFC63D}.Release|Any CPU.Build.0 = Release|Any CPU
	EndGlobalSection
	GlobalSection(SolutionProperties) = preSolution
		HideSolutionNode = FALSE
	EndGlobalSection
	GlobalSection(ExtensibilityGlobals) = postSolution
		SolutionGuid = {FA980C75-1DF5-473F-966A-33F78237F3D5}
	EndGlobalSection
EndGlobal
