
Microsoft Visual Studio Solution File, Format Version 12.00
# Visual Studio Version 17
VisualStudioVersion = 17.7.34024.191
MinimumVisualStudioVersion = 10.0.40219.1
Project("{FAE04EC0-301F-11D3-BF4B-00C04F79EFBC}") = "WAPI_MyEmployee", "WAPI_MyEmployee\WAPI_MyEmployee.csproj", "{524DC5B1-51A9-4E0F-8C74-105772E6815A}"
EndProject
Project("{FAE04EC0-301F-11D3-BF4B-00C04F79EFBC}") = "EmployeeClient", "EmployeeClient\EmployeeClient.csproj", "{AC9CB143-D9F7-4DFD-B428-5499CDA9DB52}"
EndProject
Global
	GlobalSection(SolutionConfigurationPlatforms) = preSolution
		Debug|Any CPU = Debug|Any CPU
		Release|Any CPU = Release|Any CPU
	EndGlobalSection
	GlobalSection(ProjectConfigurationPlatforms) = postSolution
		{524DC5B1-51A9-4E0F-8C74-105772E6815A}.Debug|Any CPU.ActiveCfg = Debug|Any CPU
		{524DC5B1-51A9-4E0F-8C74-105772E6815A}.Debug|Any CPU.Build.0 = Debug|Any CPU
		{524DC5B1-51A9-4E0F-8C74-105772E6815A}.Release|Any CPU.ActiveCfg = Release|Any CPU
		{524DC5B1-51A9-4E0F-8C74-105772E6815A}.Release|Any CPU.Build.0 = Release|Any CPU
		{AC9CB143-D9F7-4DFD-B428-5499CDA9DB52}.Debug|Any CPU.ActiveCfg = Debug|Any CPU
		{AC9CB143-D9F7-4DFD-B428-5499CDA9DB52}.Debug|Any CPU.Build.0 = Debug|Any CPU
		{AC9CB143-D9F7-4DFD-B428-5499CDA9DB52}.Release|Any CPU.ActiveCfg = Release|Any CPU
		{AC9CB143-D9F7-4DFD-B428-5499CDA9DB52}.Release|Any CPU.Build.0 = Release|Any CPU
	EndGlobalSection
	GlobalSection(SolutionProperties) = preSolution
		HideSolutionNode = FALSE
	EndGlobalSection
	GlobalSection(ExtensibilityGlobals) = postSolution
		SolutionGuid = {537FDC89-D78E-44F9-82B8-10A3E7ADE985}
	EndGlobalSection
EndGlobal
