
Microsoft Visual Studio Solution File, Format Version 12.00
# Visual Studio Version 17
VisualStudioVersion = 17.7.34024.191
MinimumVisualStudioVersion = 10.0.40219.1
Project("{FAE04EC0-301F-11D3-BF4B-00C04F79EFBC}") = "StudentCoreMVC", "StudentCoreMVC\StudentCoreMVC.csproj", "{9DC6DDD5-B671-4DD7-8B54-34E5DF7F2817}"
EndProject
Global
	GlobalSection(SolutionConfigurationPlatforms) = preSolution
		Debug|Any CPU = Debug|Any CPU
		Release|Any CPU = Release|Any CPU
	EndGlobalSection
	GlobalSection(ProjectConfigurationPlatforms) = postSolution
		{9DC6DDD5-B671-4DD7-8B54-34E5DF7F2817}.Debug|Any CPU.ActiveCfg = Debug|Any CPU
		{9DC6DDD5-B671-4DD7-8B54-34E5DF7F2817}.Debug|Any CPU.Build.0 = Debug|Any CPU
		{9DC6DDD5-B671-4DD7-8B54-34E5DF7F2817}.Release|Any CPU.ActiveCfg = Release|Any CPU
		{9DC6DDD5-B671-4DD7-8B54-34E5DF7F2817}.Release|Any CPU.Build.0 = Release|Any CPU
	EndGlobalSection
	GlobalSection(SolutionProperties) = preSolution
		HideSolutionNode = FALSE
	EndGlobalSection
	GlobalSection(ExtensibilityGlobals) = postSolution
		SolutionGuid = {7D4E5042-84A2-4CFA-AB21-10D30BB12AF7}
	EndGlobalSection
EndGlobal
