
Microsoft Visual Studio Solution File, Format Version 12.00
# Visual Studio Version 17
VisualStudioVersion = 17.7.34024.191
MinimumVisualStudioVersion = 10.0.40219.1
Project("{FAE04EC0-301F-11D3-BF4B-00C04F79EFBC}") = "BookMVC", "BookMVC\BookMVC.csproj", "{6EC6EFCB-E631-4892-9AF0-4EAA6DCF60CD}"
EndProject
Global
	GlobalSection(SolutionConfigurationPlatforms) = preSolution
		Debug|Any CPU = Debug|Any CPU
		Release|Any CPU = Release|Any CPU
	EndGlobalSection
	GlobalSection(ProjectConfigurationPlatforms) = postSolution
		{6EC6EFCB-E631-4892-9AF0-4EAA6DCF60CD}.Debug|Any CPU.ActiveCfg = Debug|Any CPU
		{6EC6EFCB-E631-4892-9AF0-4EAA6DCF60CD}.Debug|Any CPU.Build.0 = Debug|Any CPU
		{6EC6EFCB-E631-4892-9AF0-4EAA6DCF60CD}.Release|Any CPU.ActiveCfg = Release|Any CPU
		{6EC6EFCB-E631-4892-9AF0-4EAA6DCF60CD}.Release|Any CPU.Build.0 = Release|Any CPU
	EndGlobalSection
	GlobalSection(SolutionProperties) = preSolution
		HideSolutionNode = FALSE
	EndGlobalSection
	GlobalSection(ExtensibilityGlobals) = postSolution
		SolutionGuid = {D47249B3-387C-4876-8FED-371B29E17771}
	EndGlobalSection
EndGlobal
