
Microsoft Visual Studio Solution File, Format Version 12.00
# Visual Studio Version 17
VisualStudioVersion = 17.7.34024.191
MinimumVisualStudioVersion = 10.0.40219.1
Project("{FAE04EC0-301F-11D3-BF4B-00C04F79EFBC}") = "TestReactApi", "TestReactApi\TestReactApi.csproj", "{15D35696-B6B4-4967-B96B-DD6B6E9D24F2}"
EndProject
Project("{FAE04EC0-301F-11D3-BF4B-00C04F79EFBC}") = "TestReactClient", "TestReactClient\TestReactClient.csproj", "{413B11F3-FBF1-43B5-8FEE-A41D5B9D895A}"
EndProject
Project("{FAE04EC0-301F-11D3-BF4B-00C04F79EFBC}") = "TestClient", "TestClient\TestClient.csproj", "{CED8C3D9-513C-4503-B9B5-63F240DC4A13}"
EndProject
Global
	GlobalSection(SolutionConfigurationPlatforms) = preSolution
		Debug|Any CPU = Debug|Any CPU
		Release|Any CPU = Release|Any CPU
	EndGlobalSection
	GlobalSection(ProjectConfigurationPlatforms) = postSolution
		{15D35696-B6B4-4967-B96B-DD6B6E9D24F2}.Debug|Any CPU.ActiveCfg = Debug|Any CPU
		{15D35696-B6B4-4967-B96B-DD6B6E9D24F2}.Debug|Any CPU.Build.0 = Debug|Any CPU
		{15D35696-B6B4-4967-B96B-DD6B6E9D24F2}.Release|Any CPU.ActiveCfg = Release|Any CPU
		{15D35696-B6B4-4967-B96B-DD6B6E9D24F2}.Release|Any CPU.Build.0 = Release|Any CPU
		{413B11F3-FBF1-43B5-8FEE-A41D5B9D895A}.Debug|Any CPU.ActiveCfg = Debug|Any CPU
		{413B11F3-FBF1-43B5-8FEE-A41D5B9D895A}.Debug|Any CPU.Build.0 = Debug|Any CPU
		{413B11F3-FBF1-43B5-8FEE-A41D5B9D895A}.Release|Any CPU.ActiveCfg = Release|Any CPU
		{413B11F3-FBF1-43B5-8FEE-A41D5B9D895A}.Release|Any CPU.Build.0 = Release|Any CPU
		{CED8C3D9-513C-4503-B9B5-63F240DC4A13}.Debug|Any CPU.ActiveCfg = Debug|Any CPU
		{CED8C3D9-513C-4503-B9B5-63F240DC4A13}.Debug|Any CPU.Build.0 = Debug|Any CPU
		{CED8C3D9-513C-4503-B9B5-63F240DC4A13}.Release|Any CPU.ActiveCfg = Release|Any CPU
		{CED8C3D9-513C-4503-B9B5-63F240DC4A13}.Release|Any CPU.Build.0 = Release|Any CPU
	EndGlobalSection
	GlobalSection(SolutionProperties) = preSolution
		HideSolutionNode = FALSE
	EndGlobalSection
	GlobalSection(ExtensibilityGlobals) = postSolution
		SolutionGuid = {4E75CCC9-8A57-42CE-9CBA-805954F4888C}
	EndGlobalSection
EndGlobal
