
Microsoft Visual Studio Solution File, Format Version 12.00
# Visual Studio Version 17
VisualStudioVersion = 17.7.34024.191
MinimumVisualStudioVersion = 10.0.40219.1
Project("{FAE04EC0-301F-11D3-BF4B-00C04F79EFBC}") = "DemoIdentity", "DemoIdentity\DemoIdentity.csproj", "{A5E07733-5167-48C6-87ED-D472B174F19B}"
EndProject
Global
	GlobalSection(SolutionConfigurationPlatforms) = preSolution
		Debug|Any CPU = Debug|Any CPU
		Release|Any CPU = Release|Any CPU
	EndGlobalSection
	GlobalSection(ProjectConfigurationPlatforms) = postSolution
		{A5E07733-5167-48C6-87ED-D472B174F19B}.Debug|Any CPU.ActiveCfg = Debug|Any CPU
		{A5E07733-5167-48C6-87ED-D472B174F19B}.Debug|Any CPU.Build.0 = Debug|Any CPU
		{A5E07733-5167-48C6-87ED-D472B174F19B}.Release|Any CPU.ActiveCfg = Release|Any CPU
		{A5E07733-5167-48C6-87ED-D472B174F19B}.Release|Any CPU.Build.0 = Release|Any CPU
	EndGlobalSection
	GlobalSection(SolutionProperties) = preSolution
		HideSolutionNode = FALSE
	EndGlobalSection
	GlobalSection(ExtensibilityGlobals) = postSolution
		SolutionGuid = {E5E97259-94C7-4BF1-97A0-08AA50D4687F}
	EndGlobalSection
EndGlobal
